{
    "doctrine/annotations": {
        "version": "1.13",
        "recipe": {
            "repo": "github.com/symfony/recipes",
            "branch": "master",
            "version": "1.10",
            "ref": "64d8583af5ea57b7afa4aba4b159907f3a148b05"
        }
    },
    "doctrine/doctrine-bundle": {
        "version": "1.10",
        "recipe": {
            "repo": "github.com/symfony/recipes",
            "branch": "master",
            "version": "1.6",
            "ref": "e4fc55e8adf9aa89d9bba8f5a95669d33a16cb00"
        },
        "files": [
            "./config/packages/doctrine.yaml",
            "./config/packages/prod/doctrine.yaml",
            "./src/Entity/.gitignore",
            "./src/Repository/.gitignore"
        ]
    }
}
